// !$*UTF8*$!
{
	archiveVersion = 1;
	classes = {
	};
	objectVersion = 46;
	objects = {

/* Begin PBXBuildFile section */
		63892DA119226462002631A8 /* Foundation.framework in Frameworks */ = {isa = PBXBuildFile; fileRef = 63892DA019226462002631A8 /* Foundation.framework */; };
		63892DA319226462002631A8 /* CoreGraphics.framework in Frameworks */ = {isa = PBXBuildFile; fileRef = 63892DA219226462002631A8 /* CoreGraphics.framework */; };
		63892DA519226462002631A8 /* UIKit.framework in Frameworks */ = {isa = PBXBuildFile; fileRef = 63892DA419226462002631A8 /* UIKit.framework */; };
		63892DAB19226462002631A8 /* InfoPlist.strings in Resources */ = {isa = PBXBuildFile; fileRef = 63892DA919226462002631A8 /* InfoPlist.strings */; };
		63892DAD19226462002631A8 /* main.m in Sources */ = {isa = PBXBuildFile; fileRef = 63892DAC19226462002631A8 /* main.m */; };
		63892DB119226462002631A8 /* CCAppDelegate.m in Sources */ = {isa = PBXBuildFile; fileRef = 63892DB019226462002631A8 /* CCAppDelegate.m */; };
		63892DB419226462002631A8 /* Main.storyboard in Resources */ = {isa = PBXBuildFile; fileRef = 63892DB219226462002631A8 /* Main.storyboard */; };
		63892DB719226462002631A8 /* CCViewController.m in Sources */ = {isa = PBXBuildFile; fileRef = 63892DB619226462002631A8 /* CCViewController.m */; };
		63892DB919226462002631A8 /* Images.xcassets in Resources */ = {isa = PBXBuildFile; fileRef = 63892DB819226462002631A8 /* Images.xcassets */; };
		63892DC019226462002631A8 /* XCTest.framework in Frameworks */ = {isa = PBXBuildFile; fileRef = 63892DBF19226462002631A8 /* XCTest.framework */; };
		63892DC119226462002631A8 /* Foundation.framework in Frameworks */ = {isa = PBXBuildFile; fileRef = 63892DA019226462002631A8 /* Foundation.framework */; };
		63892DC219226462002631A8 /* UIKit.framework in Frameworks */ = {isa = PBXBuildFile; fileRef = 63892DA419226462002631A8 /* UIKit.framework */; };
		63892DCA19226462002631A8 /* InfoPlist.strings in Resources */ = {isa = PBXBuildFile; fileRef = 63892DC819226462002631A8 /* InfoPlist.strings */; };
		63892DCC19226462002631A8 /* Git_TestTests.m in Sources */ = {isa = PBXBuildFile; fileRef = 63892DCB19226462002631A8 /* Git_TestTests.m */; };
		63892DD719226705002631A8 /* CCTest.m in Sources */ = {isa = PBXBuildFile; fileRef = 63892DD619226705002631A8 /* CCTest.m */; };
/* End PBXBuildFile section */

/* Begin PBXContainerItemProxy section */
		63892DC319226462002631A8 /* PBXContainerItemProxy */ = {
			isa = PBXContainerItemProxy;
			containerPortal = 63892D9519226461002631A8 /* Project object */;
			proxyType = 1;
			remoteGlobalIDString = 63892D9C19226462002631A8;
			remoteInfo = "Git Test";
		};
/* End PBXContainerItemProxy section */

/* Begin PBXFileReference section */
		63892D9D19226462002631A8 /* Git Test.app */ = {isa = PBXFileReference; explicitFileType = wrapper.application; includeInIndex = 0; path = "Git Test.app"; sourceTree = BUILT_PRODUCTS_DIR; };
		63892DA019226462002631A8 /* Foundation.framework */ = {isa = PBXFileReference; lastKnownFileType = wrapper.framework; name = Foundation.framework; path = System/Library/Frameworks/Foundation.framework; sourceTree = SDKROOT; };
		63892DA219226462002631A8 /* CoreGraphics.framework */ = {isa = PBXFileReference; lastKnownFileType = wrapper.framework; name = CoreGraphics.framework; path = System/Library/Frameworks/CoreGraphics.framework; sourceTree = SDKROOT; };
		63892DA419226462002631A8 /* UIKit.framework */ = {isa = PBXFileReference; lastKnownFileType = wrapper.framework; name = UIKit.framework; path = System/Library/Frameworks/UIKit.framework; sourceTree = SDKROOT; };
		63892DA819226462002631A8 /* Git Test-Info.plist */ = {isa = PBXFileReference; lastKnownFileType = text.plist.xml; path = "Git Test-Info.plist"; sourceTree = "<group>"; };
		63892DAA19226462002631A8 /* en */ = {isa = PBXFileReference; lastKnownFileType = text.plist.strings; name = en; path = en.lproj/InfoPlist.strings; sourceTree = "<group>"; };
		63892DAC19226462002631A8 /* main.m */ = {isa = PBXFileReference; lastKnownFileType = sourcecode.c.objc; path = main.m; sourceTree = "<group>"; };
		63892DAE19226462002631A8 /* Git Test-Prefix.pch */ = {isa = PBXFileReference; lastKnownFileType = sourcecode.c.h; path = "Git Test-Prefix.pch"; sourceTree = "<group>"; };
		63892DAF19226462002631A8 /* CCAppDelegate.h */ = {isa = PBXFileReference; lastKnownFileType = sourcecode.c.h; path = CCAppDelegate.h; sourceTree = "<group>"; };
		63892DB019226462002631A8 /* CCAppDelegate.m */ = {isa = PBXFileReference; lastKnownFileType = sourcecode.c.objc; path = CCAppDelegate.m; sourceTree = "<group>"; };
		63892DB319226462002631A8 /* Base */ = {isa = PBXFileReference; lastKnownFileType = file.storyboard; name = Base; path = Base.lproj/Main.storyboard; sourceTree = "<group>"; };
		63892DB519226462002631A8 /* CCViewController.h */ = {isa = PBXFileReference; lastKnownFileType = sourcecode.c.h; path = CCViewController.h; sourceTree = "<group>"; };
		63892DB619226462002631A8 /* CCViewController.m */ = {isa = PBXFileReference; lastKnownFileType = sourcecode.c.objc; path = CCViewController.m; sourceTree = "<group>"; };
		63892DB819226462002631A8 /* Images.xcassets */ = {isa = PBXFileReference; lastKnownFileType = folder.assetcatalog; path = Images.xcassets; sourceTree = "<group>"; };
		63892DBE19226462002631A8 /* Git TestTests.xctest */ = {isa = PBXFileReference; explicitFileType = wrapper.cfbundle; includeInIndex = 0; path = "Git TestTests.xctest"; sourceTree = BUILT_PRODUCTS_DIR; };
		63892DBF19226462002631A8 /* XCTest.framework */ = {isa = PBXFileReference; lastKnownFileType = wrapper.framework; name = XCTest.framework; path = Library/Frameworks/XCTest.framework; sourceTree = DEVELOPER_DIR; };
		63892DC719226462002631A8 /* Git TestTests-Info.plist */ = {isa = PBXFileReference; lastKnownFileType = text.plist.xml; path = "Git TestTests-Info.plist"; sourceTree = "<group>"; };
		63892DC919226462002631A8 /* en */ = {isa = PBXFileReference; lastKnownFileType = text.plist.strings; name = en; path = en.lproj/InfoPlist.strings; sourceTree = "<group>"; };
		63892DCB19226462002631A8 /* Git_TestTests.m */ = {isa = PBXFileReference; lastKnownFileType = sourcecode.c.objc; path = Git_TestTests.m; sourceTree = "<group>"; };
		63892DD519226705002631A8 /* CCTest.h */ = {isa = PBXFileReference; fileEncoding = 4; lastKnownFileType = sourcecode.c.h; path = CCTest.h; sourceTree = "<group>"; };
		63892DD619226705002631A8 /* CCTest.m */ = {isa = PBXFileReference; fileEncoding = 4; lastKnownFileType = sourcecode.c.objc; path = CCTest.m; sourceTree = "<group>"; };
/* End PBXFileReference section */

/* Begin PBXFrameworksBuildPhase section */
		63892D9A19226462002631A8 /* Frameworks */ = {
			isa = PBXFrameworksBuildPhase;
			buildActionMask = 2147483647;
			files = (
				63892DA319226462002631A8 /* CoreGraphics.framework in Frameworks */,
				63892DA519226462002631A8 /* UIKit.framework in Frameworks */,
				63892DA119226462002631A8 /* Foundation.framework in Frameworks */,
			);
			runOnlyForDeploymentPostprocessing = 0;
		};
		63892DBB19226462002631A8 /* Frameworks */ = {
			isa = PBXFrameworksBuildPhase;
			buildActionMask = 2147483647;
			files = (
				63892DC019226462002631A8 /* XCTest.framework in Frameworks */,
				63892DC219226462002631A8 /* UIKit.framework in Frameworks */,
				63892DC119226462002631A8 /* Foundation.framework in Frameworks */,
			);
			runOnlyForDeploymentPostprocessing = 0;
		};
/* End PBXFrameworksBuildPhase section */

/* Begin PBXGroup section */
		63892D9419226461002631A8 = {
			isa = PBXGroup;
			children = (
				63892DD519226705002631A8 /* CCTest.h */,
				63892DD619226705002631A8 /* CCTest.m */,
				63892DA619226462002631A8 /* Git Test */,
				63892DC519226462002631A8 /* Git TestTests */,
				63892D9F19226462002631A8 /* Frameworks */,
				63892D9E19226462002631A8 /* Products */,
			);
			sourceTree = "<group>";
		};
		63892D9E19226462002631A8 /* Products */ = {
			isa = PBXGroup;
			children = (
				63892D9D19226462002631A8 /* Git Test.app */,
				63892DBE19226462002631A8 /* Git TestTests.xctest */,
			);
			name = Products;
			sourceTree = "<group>";
		};
		63892D9F19226462002631A8 /* Frameworks */ = {
			isa = PBXGroup;
			children = (
				63892DA019226462002631A8 /* Foundation.framework */,
				63892DA219226462002631A8 /* CoreGraphics.framework */,
				63892DA419226462002631A8 /* UIKit.framework */,
				63892DBF19226462002631A8 /* XCTest.framework */,
			);
			name = Frameworks;
			sourceTree = "<group>";
		};
		63892DA619226462002631A8 /* Git Test */ = {
			isa = PBXGroup;
			children = (
				63892DAF19226462002631A8 /* CCAppDelegate.h */,
				63892DB019226462002631A8 /* CCAppDelegate.m */,
				63892DB219226462002631A8 /* Main.storyboard */,
				63892DB519226462002631A8 /* CCViewController.h */,
				63892DB619226462002631A8 /* CCViewController.m */,
				63892DB819226462002631A8 /* Images.xcassets */,
				63892DA719226462002631A8 /* Supporting Files */,
			);
			path = "Git Test";
			sourceTree = "<group>";
		};
		63892DA719226462002631A8 /* Supporting Files */ = {
			isa = PBXGroup;
			children = (
				63892DA819226462002631A8 /* Git Test-Info.plist */,
				63892DA919226462002631A8 /* InfoPlist.strings */,
				63892DAC19226462002631A8 /* main.m */,
				63892DAE19226462002631A8 /* Git Test-Prefix.pch */,
			);
			name = "Supporting Files";
			sourceTree = "<group>";
		};
		63892DC519226462002631A8 /* Git TestTests */ = {
			isa = PBXGroup;
			children = (
				63892DCB19226462002631A8 /* Git_TestTests.m */,
				63892DC619226462002631A8 /* Supporting Files */,
			);
			path = "Git TestTests";
			sourceTree = "<group>";
		};
		63892DC619226462002631A8 /* Supporting Files */ = {
			isa = PBXGroup;
			children = (
				63892DC719226462002631A8 /* Git TestTests-Info.plist */,
				63892DC819226462002631A8 /* InfoPlist.strings */,
			);
			name = "Supporting Files";
			sourceTree = "<group>";
		};
/* End PBXGroup section */

/* Begin PBXNativeTarget section */
		63892D9C19226462002631A8 /* Git Test */ = {
			isa = PBXNativeTarget;
			buildConfigurationList = 63892DCF19226462002631A8 /* Build configuration list for PBXNativeTarget "Git Test" */;
			buildPhases = (
				63892D9919226462002631A8 /* Sources */,
				63892D9A19226462002631A8 /* Frameworks */,
				63892D9B19226462002631A8 /* Resources */,
			);
			buildRules = (
			);
			dependencies = (
			);
			name = "Git Test";
			productName = "Git Test";
			productReference = 63892D9D19226462002631A8 /* Git Test.app */;
			productType = "com.apple.product-type.application";
		};
		63892DBD19226462002631A8 /* Git TestTests */ = {
			isa = PBXNativeTarget;
			buildConfigurationList = 63892DD219226462002631A8 /* Build configuration list for PBXNativeTarget "Git TestTests" */;
			buildPhases = (
				63892DBA19226462002631A8 /* Sources */,
				63892DBB19226462002631A8 /* Frameworks */,
				63892DBC19226462002631A8 /* Resources */,
			);
			buildRules = (
			);
			dependencies = (
				63892DC419226462002631A8 /* PBXTargetDependency */,
			);
			name = "Git TestTests";
			productName = "Git TestTests";
			productReference = 63892DBE19226462002631A8 /* Git TestTests.xctest */;
			productType = "com.apple.product-type.bundle.unit-test";
		};
/* End PBXNativeTarget section */

/* Begin PBXProject section */
		63892D9519226461002631A8 /* Project object */ = {
			isa = PBXProject;
			attributes = {
				CLASSPREFIX = CC;
				LastUpgradeCheck = 0510;
				ORGANIZATIONNAME = surachet;
				TargetAttributes = {
					63892DBD19226462002631A8 = {
						TestTargetID = 63892D9C19226462002631A8;
					};
				};
			};
			buildConfigurationList = 63892D9819226461002631A8 /* Build configuration list for PBXProject "Git Test" */;
			compatibilityVersion = "Xcode 3.2";
			developmentRegion = English;
			hasScannedForEncodings = 0;
			knownRegions = (
				en,
				Base,
			);
			mainGroup = 63892D9419226461002631A8;
			productRefGroup = 63892D9E19226462002631A8 /* Products */;
			projectDirPath = "";
			projectRoot = "";
			targets = (
				63892D9C19226462002631A8 /* Git Test */,
				63892DBD19226462002631A8 /* Git TestTests */,
			);
		};
/* End PBXProject section */

/* Begin PBXResourcesBuildPhase section */
		63892D9B19226462002631A8 /* Resources */ = {
			isa = PBXResourcesBuildPhase;
			buildActionMask = 2147483647;
			files = (
				63892DB919226462002631A8 /* Images.xcassets in Resources */,
				63892DAB19226462002631A8 /* InfoPlist.strings in Resources */,
				63892DB419226462002631A8 /* Main.storyboard in Resources */,
			);
			runOnlyForDeploymentPostprocessing = 0;
		};
		63892DBC19226462002631A8 /* Resources */ = {
			isa = PBXResourcesBuildPhase;
			buildActionMask = 2147483647;
			files = (
				63892DCA19226462002631A8 /* InfoPlist.strings in Resources */,
			);
			runOnlyForDeploymentPostprocessing = 0;
		};
/* End PBXResourcesBuildPhase section */

/* Begin PBXSourcesBuildPhase section */
		63892D9919226462002631A8 /* Sources */ = {
			isa = PBXSourcesBuildPhase;
			buildActionMask = 2147483647;
			files = (
				63892DB119226462002631A8 /* CCAppDelegate.m in Sources */,
				63892DD719226705002631A8 /* CCTest.m in Sources */,
				63892DAD19226462002631A8 /* main.m in Sources */,
				63892DB719226462002631A8 /* CCViewController.m in Sources */,
			);
			runOnlyForDeploymentPostprocessing = 0;
		};
		63892DBA19226462002631A8 /* Sources */ = {
			isa = PBXSourcesBuildPhase;
			buildActionMask = 2147483647;
			files = (
				63892DCC19226462002631A8 /* Git_TestTests.m in Sources */,
			);
			runOnlyForDeploymentPostprocessing = 0;
		};
/* End PBXSourcesBuildPhase section */

/* Begin PBXTargetDependency section */
		63892DC419226462002631A8 /* PBXTargetDependency */ = {
			isa = PBXTargetDependency;
			target = 63892D9C19226462002631A8 /* Git Test */;
			targetProxy = 63892DC319226462002631A8 /* PBXContainerItemProxy */;
		};
/* End PBXTargetDependency section */

/* Begin PBXVariantGroup section */
		63892DA919226462002631A8 /* InfoPlist.strings */ = {
			isa = PBXVariantGroup;
			children = (
				63892DAA19226462002631A8 /* en */,
			);
			name = InfoPlist.strings;
			sourceTree = "<group>";
		};
		63892DB219226462002631A8 /* Main.storyboard */ = {
			isa = PBXVariantGroup;
			children = (
				63892DB319226462002631A8 /* Base */,
			);
			name = Main.storyboard;
			sourceTree = "<group>";
		};
		63892DC819226462002631A8 /* InfoPlist.strings */ = {
			isa = PBXVariantGroup;
			children = (
				63892DC919226462002631A8 /* en */,
			);
			name = InfoPlist.strings;
			sourceTree = "<group>";
		};
/* End PBXVariantGroup section */

/* Begin XCBuildConfiguration section */
		63892DCD19226462002631A8 /* Debug */ = {
			isa = XCBuildConfiguration;
			buildSettings = {
				ALWAYS_SEARCH_USER_PATHS = NO;
				CLANG_CXX_LANGUAGE_STANDARD = "gnu++0x";
				CLANG_CXX_LIBRARY = "libc++";
				CLANG_ENABLE_MODULES = YES;
				CLANG_ENABLE_OBJC_ARC = YES;
				CLANG_WARN_BOOL_CONVERSION = YES;
				CLANG_WARN_CONSTANT_CONVERSION = YES;
				CLANG_WARN_DIRECT_OBJC_ISA_USAGE = YES_ERROR;
				CLANG_WARN_EMPTY_BODY = YES;
				CLANG_WARN_ENUM_CONVERSION = YES;
				CLANG_WARN_INT_CONVERSION = YES;
				CLANG_WARN_OBJC_ROOT_CLASS = YES_ERROR;
				CLANG_WARN__DUPLICATE_METHOD_MATCH = YES;
				"CODE_SIGN_IDENTITY[sdk=iphoneos*]" = "iPhone Developer";
				COPY_PHASE_STRIP = NO;
				GCC_C_LANGUAGE_STANDARD = gnu99;
				GCC_DYNAMIC_NO_PIC = NO;
				GCC_OPTIMIZATION_LEVEL = 0;
				GCC_PREPROCESSOR_DEFINITIONS = (
					"DEBUG=1",
					"$(inherited)",
				);
				GCC_SYMBOLS_PRIVATE_EXTERN = NO;
				GCC_WARN_64_TO_32_BIT_CONVERSION = YES;
				GCC_WARN_ABOUT_RETURN_TYPE = YES_ERROR;
				GCC_WARN_UNDECLARED_SELECTOR = YES;
				GCC_WARN_UNINITIALIZED_AUTOS = YES_AGGRESSIVE;
				GCC_WARN_UNUSED_FUNCTION = YES;
				GCC_WARN_UNUSED_VARIABLE = YES;
				IPHONEOS_DEPLOYMENT_TARGET = 7.1;
				ONLY_ACTIVE_ARCH = YES;
				SDKROOT = iphoneos;
			};
			name = Debug;
		};
		63892DCE19226462002631A8 /* Release */ = {
			isa = XCBuildConfiguration;
			buildSettings = {
				ALWAYS_SEARCH_USER_PATHS = NO;
				CLANG_CXX_LANGUAGE_STANDARD = "gnu++0x";
				CLANG_CXX_LIBRARY = "libc++";
				CLANG_ENABLE_MODULES = YES;
				CLANG_ENABLE_OBJC_ARC = YES;
				CLANG_WARN_BOOL_CONVERSION = YES;
				CLANG_WARN_CONSTANT_CONVERSION = YES;
				CLANG_WARN_DIRECT_OBJC_ISA_USAGE = YES_ERROR;
				CLANG_WARN_EMPTY_BODY = YES;
				CLANG_WARN_ENUM_CONVERSION = YES;
				CLANG_WARN_INT_CONVERSION = YES;
				CLANG_WARN_OBJC_ROOT_CLASS = YES_ERROR;
				CLANG_WARN__DUPLICATE_METHOD_MATCH = YES;
				"CODE_SIGN_IDENTITY[sdk=iphoneos*]" = "iPhone Developer";
				COPY_PHASE_STRIP = YES;
				ENABLE_NS_ASSERTIONS = NO;
				GCC_C_LANGUAGE_STANDARD = gnu99;
				GCC_WARN_64_TO_32_BIT_CONVERSION = YES;
				GCC_WARN_ABOUT_RETURN_TYPE = YES_ERROR;
				GCC_WARN_UNDECLARED_SELECTOR = YES;
				GCC_WARN_UNINITIALIZED_AUTOS = YES_AGGRESSIVE;
				GCC_WARN_UNUSED_FUNCTION = YES;
				GCC_WARN_UNUSED_VARIABLE = YES;
				IPHONEOS_DEPLOYMENT_TARGET = 7.1;
				SDKROOT = iphoneos;
				VALIDATE_PRODUCT = YES;
			};
			name = Release;
		};
		63892DD019226462002631A8 /* Debug */ = {
			isa = XCBuildConfiguration;
			buildSettings = {
				ASSETCATALOG_COMPILER_APPICON_NAME = AppIcon;
				ASSETCATALOG_COMPILER_LAUNCHIMAGE_NAME = LaunchImage;
				GCC_PRECOMPILE_PREFIX_HEADER = YES;
				GCC_PREFIX_HEADER = "Git Test/Git Test-Prefix.pch";
				INFOPLIST_FILE = "Git Test/Git Test-Info.plist";
				PRODUCT_NAME = "$(TARGET_NAME)";
				WRAPPER_EXTENSION = app;
			};
			name = Debug;
		};
		63892DD119226462002631A8 /* Release */ = {
			isa = XCBuildConfiguration;
			buildSettings = {
				ASSETCATALOG_COMPILER_APPICON_NAME = AppIcon;
				ASSETCATALOG_COMPILER_LAUNCHIMAGE_NAME = LaunchImage;
				GCC_PRECOMPILE_PREFIX_HEADER = YES;
				GCC_PREFIX_HEADER = "Git Test/Git Test-Prefix.pch";
				INFOPLIST_FILE = "Git Test/Git Test-Info.plist";
				PRODUCT_NAME = "$(TARGET_NAME)";
				WRAPPER_EXTENSION = app;
			};
			name = Release;
		};
		63892DD319226462002631A8 /* Debug */ = {
			isa = XCBuildConfiguration;
			buildSettings = {
				BUNDLE_LOADER = "$(BUILT_PRODUCTS_DIR)/Git Test.app/Git Test";
				FRAMEWORK_SEARCH_PATHS = (
					"$(SDKROOT)/Developer/Library/Frameworks",
					"$(inherited)",
					"$(DEVELOPER_FRAMEWORKS_DIR)",
				);
				GCC_PRECOMPILE_PREFIX_HEADER = YES;
				GCC_PREFIX_HEADER = "Git Test/Git Test-Prefix.pch";
				GCC_PREPROCESSOR_DEFINITIONS = (
					"DEBUG=1",
					"$(inherited)",
				);
				INFOPLIST_FILE = "Git TestTests/Git TestTests-Info.plist";
				PRODUCT_NAME = "$(TARGET_NAME)";
				TEST_HOST = "$(BUNDLE_LOADER)";
				WRAPPER_EXTENSION = xctest;
			};
			name = Debug;
		};
		63892DD419226462002631A8 /* Release */ = {
			isa = XCBuildConfiguration;
			buildSettings = {
				BUNDLE_LOADER = "$(BUILT_PRODUCTS_DIR)/Git Test.app/Git Test";
				FRAMEWORK_SEARCH_PATHS = (
					"$(SDKROOT)/Developer/Library/Frameworks",
					"$(inherited)",
					"$(DEVELOPER_FRAMEWORKS_DIR)",
				);
				GCC_PRECOMPILE_PREFIX_HEADER = YES;
				GCC_PREFIX_HEADER = "Git Test/Git Test-Prefix.pch";
				INFOPLIST_FILE = "Git TestTests/Git TestTests-Info.plist";
				PRODUCT_NAME = "$(TARGET_NAME)";
				TEST_HOST = "$(BUNDLE_LOADER)";
				WRAPPER_EXTENSION = xctest;
			};
			name = Release;
		};
/* End XCBuildConfiguration section */

/* Begin XCConfigurationList section */
		63892D9819226461002631A8 /* Build configuration list for PBXProject "Git Test" */ = {
			isa = XCConfigurationList;
			buildConfigurations = (
				63892DCD19226462002631A8 /* Debug */,
				63892DCE19226462002631A8 /* Release */,
			);
			defaultConfigurationIsVisible = 0;
			defaultConfigurationName = Release;
		};
		63892DCF19226462002631A8 /* Build configuration list for PBXNativeTarget "Git Test" */ = {
			isa = XCConfigurationList;
			buildConfigurations = (
				63892DD019226462002631A8 /* Debug */,
				63892DD119226462002631A8 /* Release */,
			);
			defaultConfigurationIsVisible = 0;
		};
		63892DD219226462002631A8 /* Build configuration list for PBXNativeTarget "Git TestTests" */ = {
			isa = XCConfigurationList;
			buildConfigurations = (
				63892DD319226462002631A8 /* Debug */,
				63892DD419226462002631A8 /* Release */,
			);
			defaultConfigurationIsVisible = 0;
		};
/* End XCConfigurationList section */
	};
	rootObject = 63892D9519226461002631A8 /* Project object */;
}
